// !$*UTF8*$!
{
	archiveVersion = 1;
	classes = {
	};
	objectVersion = 46;
	objects = {

/* Begin PBXBuildFile section */
		A151AB051BFA579100348C42 /* main.cpp in Sources */ = {isa = PBXBuildFile; fileRef = A151AB041BFA579100348C42 /* main.cpp */; };
/* End PBXBuildFile section */

/* Begin PBXCopyFilesBuildPhase section */
		A151AAFF1BFA579100348C42 /* CopyFiles */ = {
			isa = PBXCopyFilesBuildPhase;
			buildActionMask = 2147483647;
			dstPath = /usr/share/man/man1/;
			dstSubfolderSpec = 0;
			files = (
			);
			runOnlyForDeploymentPostprocessing = 1;
		};
/* End PBXCopyFilesBuildPhase section */

/* Begin PBXFileReference section */
		A151AB011BFA579100348C42 /* PrimoGMPterminal */ = {isa = PBXFileReference; explicitFileType = "compiled.mach-o.executable"; includeInIndex = 0; path = PrimoGMPterminal; sourceTree = BUILT_PRODUCTS_DIR; };
		A151AB041BFA579100348C42 /* main.cpp */ = {isa = PBXFileReference; lastKnownFileType = sourcecode.cpp.cpp; path = main.cpp; sourceTree = "<group>"; };
		A151AB0B1BFA590E00348C42 /* funcoes.h */ = {isa = PBXFileReference; lastKnownFileType = sourcecode.c.h; path = funcoes.h; sourceTree = "<group>"; };
		A151AB0C1BFA590E00348C42 /* pacote.h */ = {isa = PBXFileReference; lastKnownFileType = sourcecode.c.h; path = pacote.h; sourceTree = "<group>"; };
		A151AB0D1BFA590E00348C42 /* specialgmp.h */ = {isa = PBXFileReference; lastKnownFileType = sourcecode.c.h; path = specialgmp.h; sourceTree = "<group>"; };
/* End PBXFileReference section */

/* Begin PBXFrameworksBuildPhase section */
		A151AAFE1BFA579100348C42 /* Frameworks */ = {
			isa = PBXFrameworksBuildPhase;
			buildActionMask = 2147483647;
			files = (
			);
			runOnlyForDeploymentPostprocessing = 0;
		};
/* End PBXFrameworksBuildPhase section */

/* Begin PBXGroup section */
		A151AAF81BFA579100348C42 = {
			isa = PBXGroup;
			children = (
				A151AB031BFA579100348C42 /* Primo GMP terminal */,
				A151AB021BFA579100348C42 /* Products */,
			);
			sourceTree = "<group>";
		};
		A151AB021BFA579100348C42 /* Products */ = {
			isa = PBXGroup;
			children = (
				A151AB011BFA579100348C42 /* PrimoGMPterminal */,
			);
			name = Products;
			sourceTree = "<group>";
		};
		A151AB031BFA579100348C42 /* Primo GMP terminal */ = {
			isa = PBXGroup;
			children = (
				A151AB0B1BFA590E00348C42 /* funcoes.h */,
				A151AB0C1BFA590E00348C42 /* pacote.h */,
				A151AB0D1BFA590E00348C42 /* specialgmp.h */,
				A151AB041BFA579100348C42 /* main.cpp */,
			);
			path = "Primo GMP terminal";
			sourceTree = "<group>";
		};
/* End PBXGroup section */

/* Begin PBXNativeTarget section */
		A151AB001BFA579100348C42 /* PrimoGMPterminal */ = {
			isa = PBXNativeTarget;
			buildConfigurationList = A151AB081BFA579100348C42 /* Build configuration list for PBXNativeTarget "PrimoGMPterminal" */;
			buildPhases = (
				A151AAFD1BFA579100348C42 /* Sources */,
				A151AAFE1BFA579100348C42 /* Frameworks */,
				A151AAFF1BFA579100348C42 /* CopyFiles */,
			);
			buildRules = (
			);
			dependencies = (
			);
			name = PrimoGMPterminal;
			productName = "Primo GMP terminal";
			productReference = A151AB011BFA579100348C42 /* PrimoGMPterminal */;
			productType = "com.apple.product-type.tool";
		};
/* End PBXNativeTarget section */

/* Begin PBXProject section */
		A151AAF91BFA579100348C42 /* Project object */ = {
			isa = PBXProject;
			attributes = {
				LastUpgradeCheck = 1000;
				ORGANIZATIONNAME = "Ivan Diesel";
				TargetAttributes = {
					A151AB001BFA579100348C42 = {
						CreatedOnToolsVersion = 7.1.1;
					};
				};
			};
			buildConfigurationList = A151AAFC1BFA579100348C42 /* Build configuration list for PBXProject "PrimoGMPterminal" */;
			compatibilityVersion = "Xcode 3.2";
			developmentRegion = English;
			hasScannedForEncodings = 0;
			knownRegions = (
				en,
			);
			mainGroup = A151AAF81BFA579100348C42;
			productRefGroup = A151AB021BFA579100348C42 /* Products */;
			projectDirPath = "";
			projectRoot = "";
			targets = (
				A151AB001BFA579100348C42 /* PrimoGMPterminal */,
			);
		};
/* End PBXProject section */

/* Begin PBXSourcesBuildPhase section */
		A151AAFD1BFA579100348C42 /* Sources */ = {
			isa = PBXSourcesBuildPhase;
			buildActionMask = 2147483647;
			files = (
				A151AB051BFA579100348C42 /* main.cpp in Sources */,
			);
			runOnlyForDeploymentPostprocessing = 0;
		};
/* End PBXSourcesBuildPhase section */

/* Begin XCBuildConfiguration section */
		A151AB061BFA579100348C42 /* Debug */ = {
			isa = XCBuildConfiguration;
			buildSettings = {
				ALWAYS_SEARCH_USER_PATHS = NO;
				CLANG_CXX_LANGUAGE_STANDARD = "gnu++0x";
				CLANG_CXX_LIBRARY = "libc++";
				CLANG_ENABLE_MODULES = YES;
				CLANG_ENABLE_OBJC_ARC = YES;
				CLANG_WARN_BLOCK_CAPTURE_AUTORELEASING = YES;
				CLANG_WARN_BOOL_CONVERSION = YES;
				CLANG_WARN_COMMA = YES;
				CLANG_WARN_CONSTANT_CONVERSION = YES;
				CLANG_WARN_DEPRECATED_OBJC_IMPLEMENTATIONS = YES;
				CLANG_WARN_DIRECT_OBJC_ISA_USAGE = YES_ERROR;
				CLANG_WARN_EMPTY_BODY = YES;
				CLANG_WARN_ENUM_CONVERSION = YES;
				CLANG_WARN_INFINITE_RECURSION = YES;
				CLANG_WARN_INT_CONVERSION = YES;
				CLANG_WARN_NON_LITERAL_NULL_CONVERSION = YES;
				CLANG_WARN_OBJC_IMPLICIT_RETAIN_SELF = YES;
				CLANG_WARN_OBJC_LITERAL_CONVERSION = YES;
				CLANG_WARN_OBJC_ROOT_CLASS = YES_ERROR;
				CLANG_WARN_RANGE_LOOP_ANALYSIS = YES;
				CLANG_WARN_STRICT_PROTOTYPES = YES;
				CLANG_WARN_SUSPICIOUS_MOVE = YES;
				CLANG_WARN_UNREACHABLE_CODE = YES;
				CLANG_WARN__DUPLICATE_METHOD_MATCH = YES;
				CODE_SIGN_IDENTITY = "-";
				COPY_PHASE_STRIP = NO;
				DEBUG_INFORMATION_FORMAT = dwarf;
				ENABLE_STRICT_OBJC_MSGSEND = YES;
				ENABLE_TESTABILITY = YES;
				GCC_C_LANGUAGE_STANDARD = gnu99;
				GCC_DYNAMIC_NO_PIC = NO;
				GCC_NO_COMMON_BLOCKS = YES;
				GCC_OPTIMIZATION_LEVEL = 0;
				GCC_PREPROCESSOR_DEFINITIONS = (
					"DEBUG=1",
					"$(inherited)",
				);
				GCC_WARN_64_TO_32_BIT_CONVERSION = YES;
				GCC_WARN_ABOUT_RETURN_TYPE = YES_ERROR;
				GCC_WARN_UNDECLARED_SELECTOR = YES;
				GCC_WARN_UNINITIALIZED_AUTOS = YES_AGGRESSIVE;
				GCC_WARN_UNUSED_FUNCTION = YES;
				GCC_WARN_UNUSED_VARIABLE = YES;
				MACOSX_DEPLOYMENT_TARGET = 10.10;
				MTL_ENABLE_DEBUG_INFO = YES;
				ONLY_ACTIVE_ARCH = YES;
				SDKROOT = macosx;
			};
			name = Debug;
		};
		A151AB071BFA579100348C42 /* Release */ = {
			isa = XCBuildConfiguration;
			buildSettings = {
				ALWAYS_SEARCH_USER_PATHS = NO;
				CLANG_CXX_LANGUAGE_STANDARD = "gnu++0x";
				CLANG_CXX_LIBRARY = "libc++";
				CLANG_ENABLE_MODULES = YES;
				CLANG_ENABLE_OBJC_ARC = YES;
				CLANG_WARN_BLOCK_CAPTURE_AUTORELEASING = YES;
				CLANG_WARN_BOOL_CONVERSION = YES;
				CLANG_WARN_COMMA = YES;
				CLANG_WARN_CONSTANT_CONVERSION = YES;
				CLANG_WARN_DEPRECATED_OBJC_IMPLEMENTATIONS = YES;
				CLANG_WARN_DIRECT_OBJC_ISA_USAGE = YES_ERROR;
				CLANG_WARN_EMPTY_BODY = YES;
				CLANG_WARN_ENUM_CONVERSION = YES;
				CLANG_WARN_INFINITE_RECURSION = YES;
				CLANG_WARN_INT_CONVERSION = YES;
				CLANG_WARN_NON_LITERAL_NULL_CONVERSION = YES;
				CLANG_WARN_OBJC_IMPLICIT_RETAIN_SELF = YES;
				CLANG_WARN_OBJC_LITERAL_CONVERSION = YES;
				CLANG_WARN_OBJC_ROOT_CLASS = YES_ERROR;
				CLANG_WARN_RANGE_LOOP_ANALYSIS = YES;
				CLANG_WARN_STRICT_PROTOTYPES = YES;
				CLANG_WARN_SUSPICIOUS_MOVE = YES;
				CLANG_WARN_UNREACHABLE_CODE = YES;
				CLANG_WARN__DUPLICATE_METHOD_MATCH = YES;
				CODE_SIGN_IDENTITY = "-";
				COPY_PHASE_STRIP = NO;
				DEBUG_INFORMATION_FORMAT = "dwarf-with-dsym";
				ENABLE_NS_ASSERTIONS = NO;
				ENABLE_STRICT_OBJC_MSGSEND = YES;
				GCC_C_LANGUAGE_STANDARD = gnu99;
				GCC_NO_COMMON_BLOCKS = YES;
				GCC_WARN_64_TO_32_BIT_CONVERSION = YES;
				GCC_WARN_ABOUT_RETURN_TYPE = YES_ERROR;
				GCC_WARN_UNDECLARED_SELECTOR = YES;
				GCC_WARN_UNINITIALIZED_AUTOS = YES_AGGRESSIVE;
				GCC_WARN_UNUSED_FUNCTION = YES;
				GCC_WARN_UNUSED_VARIABLE = YES;
				MACOSX_DEPLOYMENT_TARGET = 10.10;
				MTL_ENABLE_DEBUG_INFO = NO;
				SDKROOT = macosx;
			};
			name = Release;
		};
		A151AB091BFA579100348C42 /* Debug */ = {
			isa = XCBuildConfiguration;
			buildSettings = {
				ALWAYS_SEARCH_USER_PATHS = YES;
				"HEADER_SEARCH_PATHS[arch=*]" = "/usr/local/include)";
				"LIBRARY_SEARCH_PATHS[arch=*]" = /usr/local/lib;
				"OTHER_LDFLAGS[arch=*]" = "-lgmp";
				PRODUCT_NAME = "$(TARGET_NAME)";
			};
			name = Debug;
		};
		A151AB0A1BFA579100348C42 /* Release */ = {
			isa = XCBuildConfiguration;
			buildSettings = {
				ALWAYS_SEARCH_USER_PATHS = YES;
				"HEADER_SEARCH_PATHS[arch=*]" = "/usr/local/include)";
				"LIBRARY_SEARCH_PATHS[arch=*]" = /usr/local/lib;
				"OTHER_LDFLAGS[arch=*]" = "-lgmp";
				PRODUCT_NAME = "$(TARGET_NAME)";
			};
			name = Release;
		};
/* End XCBuildConfiguration section */

/* Begin XCConfigurationList section */
		A151AAFC1BFA579100348C42 /* Build configuration list for PBXProject "PrimoGMPterminal" */ = {
			isa = XCConfigurationList;
			buildConfigurations = (
				A151AB061BFA579100348C42 /* Debug */,
				A151AB071BFA579100348C42 /* Release */,
			);
			defaultConfigurationIsVisible = 0;
			defaultConfigurationName = Release;
		};
		A151AB081BFA579100348C42 /* Build configuration list for PBXNativeTarget "PrimoGMPterminal" */ = {
			isa = XCConfigurationList;
			buildConfigurations = (
				A151AB091BFA579100348C42 /* Debug */,
				A151AB0A1BFA579100348C42 /* Release */,
			);
			defaultConfigurationIsVisible = 0;
			defaultConfigurationName = Release;
		};
/* End XCConfigurationList section */
	};
	rootObject = A151AAF91BFA579100348C42 /* Project object */;
}
